
Microsoft Visual Studio Solution File, Format Version 12.00
# Visual Studio Version 16
VisualStudioVersion = 16.0.31729.503
MinimumVisualStudioVersion = 10.0.40219.1
Project("{9A19103F-16F7-4668-BE54-9A1E7A4F7556}") = "NewDay.Daimond", "NewDay.Daimond\NewDay.Daimond.csproj", "{3CDC1BB9-1562-4031-B68D-078FA71655C0}"
EndProject
Project("{9A19103F-16F7-4668-BE54-9A1E7A4F7556}") = "NewDay.Daimond.UnitTests", "NewDay.Daimond.UnitTests\NewDay.Daimond.UnitTests.csproj", "{5C52BB3D-DC86-44A6-8EB8-6C3B504E7602}"
EndProject
Global
	GlobalSection(SolutionConfigurationPlatforms) = preSolution
		Debug|Any CPU = Debug|Any CPU
		Release|Any CPU = Release|Any CPU
	EndGlobalSection
	GlobalSection(ProjectConfigurationPlatforms) = postSolution
		{3CDC1BB9-1562-4031-B68D-078FA71655C0}.Debug|Any CPU.ActiveCfg = Debug|Any CPU
		{3CDC1BB9-1562-4031-B68D-078FA71655C0}.Debug|Any CPU.Build.0 = Debug|Any CPU
		{3CDC1BB9-1562-4031-B68D-078FA71655C0}.Release|Any CPU.ActiveCfg = Release|Any CPU
		{3CDC1BB9-1562-4031-B68D-078FA71655C0}.Release|Any CPU.Build.0 = Release|Any CPU
		{5C52BB3D-DC86-44A6-8EB8-6C3B504E7602}.Debug|Any CPU.ActiveCfg = Debug|Any CPU
		{5C52BB3D-DC86-44A6-8EB8-6C3B504E7602}.Debug|Any CPU.Build.0 = Debug|Any CPU
		{5C52BB3D-DC86-44A6-8EB8-6C3B504E7602}.Release|Any CPU.ActiveCfg = Release|Any CPU
		{5C52BB3D-DC86-44A6-8EB8-6C3B504E7602}.Release|Any CPU.Build.0 = Release|Any CPU
	EndGlobalSection
	GlobalSection(SolutionProperties) = preSolution
		HideSolutionNode = FALSE
	EndGlobalSection
	GlobalSection(ExtensibilityGlobals) = postSolution
		SolutionGuid = {509741D6-F284-4799-8E46-C5FD84A24FFA}
	EndGlobalSection
EndGlobal
